
Microsoft Visual Studio Solution File, Format Version 12.00
# Visual Studio Version 16
VisualStudioVersion = 16.0.29709.97
MinimumVisualStudioVersion = 10.0.40219.1
Project("{9A19103F-16F7-4668-BE54-9A1E7A4F7556}") = "BankingLedgerWebApplication", "BankingLedgerWebApplication\BankingLedgerWebApplication.csproj", "{9E839A0A-41F2-41C2-BC8F-0319731D826E}"
EndProject
Global
	GlobalSection(SolutionConfigurationPlatforms) = preSolution
		Debug|Any CPU = Debug|Any CPU
		Release|Any CPU = Release|Any CPU
	EndGlobalSection
	GlobalSection(ProjectConfigurationPlatforms) = postSolution
		{9E839A0A-41F2-41C2-BC8F-0319731D826E}.Debug|Any CPU.ActiveCfg = Debug|Any CPU
		{9E839A0A-41F2-41C2-BC8F-0319731D826E}.Debug|Any CPU.Build.0 = Debug|Any CPU
		{9E839A0A-41F2-41C2-BC8F-0319731D826E}.Release|Any CPU.ActiveCfg = Release|Any CPU
		{9E839A0A-41F2-41C2-BC8F-0319731D826E}.Release|Any CPU.Build.0 = Release|Any CPU
	EndGlobalSection
	GlobalSection(SolutionProperties) = preSolution
		HideSolutionNode = FALSE
	EndGlobalSection
	GlobalSection(ExtensibilityGlobals) = postSolution
		SolutionGuid = {4609A8B3-75AE-4BED-BCBE-72776923C70C}
	EndGlobalSection
EndGlobal
